
Microsoft Visual Studio Solution File, Format Version 12.00
# Visual Studio Version 17
VisualStudioVersion = 17.0.31903.59
MinimumVisualStudioVersion = 10.0.40219.1
Project("{2150E333-8FDC-42A3-9474-1A3956D46DE8}") = "src", "src", "{827E0CD3-B72D-47B6-A68D-7590B98EB39B}"
EndProject
Project("{FAE04EC0-301F-11D3-BF4B-00C04F79EFBC}") = "KuraStorage.Domain", "src\KuraStorage.Domain\KuraStorage.Domain.csproj", "{2F2647EC-D4DB-4EF1-A7D7-F1E187717F14}"
EndProject
Project("{FAE04EC0-301F-11D3-BF4B-00C04F79EFBC}") = "KuraStorage.Application", "src\KuraStorage.Application\KuraStorage.Application.csproj", "{712F7E32-F080-41DB-8FE1-365241BD443B}"
EndProject
Project("{FAE04EC0-301F-11D3-BF4B-00C04F79EFBC}") = "KuraStorage.Infrastructure", "src\KuraStorage.Infrastructure\KuraStorage.Infrastructure.csproj", "{1B4199BE-99C3-4D9D-9FA5-1E5261581C42}"
EndProject
Project("{FAE04EC0-301F-11D3-BF4B-00C04F79EFBC}") = "KuraStorage.Api", "src\KuraStorage.Api\KuraStorage.Api.csproj", "{B0C08161-42FC-4237-B7A9-A8EAB1596228}"
EndProject
Project("{FAE04EC0-301F-11D3-BF4B-00C04F79EFBC}") = "KuraStorage.AdminCli", "src\KuraStorage.AdminCli\KuraStorage.AdminCli.csproj", "{952AFD9B-907C-4325-93F9-EBD9B131E839}"
EndProject
Project("{2150E333-8FDC-42A3-9474-1A3956D46DE8}") = "tests", "tests", "{0AB3BF05-4346-4AA6-1389-037BE0695223}"
EndProject
Project("{FAE04EC0-301F-11D3-BF4B-00C04F79EFBC}") = "KuraStorage.Domain.Tests", "tests\KuraStorage.Domain.Tests\KuraStorage.Domain.Tests.csproj", "{7DABEDEB-D507-499E-A856-B5B7A045FB51}"
EndProject
Project("{FAE04EC0-301F-11D3-BF4B-00C04F79EFBC}") = "KuraStorage.Application.Tests", "tests\KuraStorage.Application.Tests\KuraStorage.Application.Tests.csproj", "{D0C98AC3-AD57-4387-9540-15EBA86B0630}"
EndProject
Project("{FAE04EC0-301F-11D3-BF4B-00C04F79EFBC}") = "KuraStorage.IntegrationTests", "tests\KuraStorage.IntegrationTests\KuraStorage.IntegrationTests.csproj", "{89F245E0-CFF2-4839-94FE-81B0F0079E80}"
EndProject
Global
	GlobalSection(SolutionConfigurationPlatforms) = preSolution
		Debug|Any CPU = Debug|Any CPU
		Debug|x64 = Debug|x64
		Debug|x86 = Debug|x86
		Release|Any CPU = Release|Any CPU
		Release|x64 = Release|x64
		Release|x86 = Release|x86
	EndGlobalSection
	GlobalSection(ProjectConfigurationPlatforms) = postSolution
		{2F2647EC-D4DB-4EF1-A7D7-F1E187717F14}.Debug|Any CPU.ActiveCfg = Debug|Any CPU
		{2F2647EC-D4DB-4EF1-A7D7-F1E187717F14}.Debug|Any CPU.Build.0 = Debug|Any CPU
		{2F2647EC-D4DB-4EF1-A7D7-F1E187717F14}.Debug|x64.ActiveCfg = Debug|Any CPU
		{2F2647EC-D4DB-4EF1-A7D7-F1E187717F14}.Debug|x64.Build.0 = Debug|Any CPU
		{2F2647EC-D4DB-4EF1-A7D7-F1E187717F14}.Debug|x86.ActiveCfg = Debug|Any CPU
		{2F2647EC-D4DB-4EF1-A7D7-F1E187717F14}.Debug|x86.Build.0 = Debug|Any CPU
		{2F2647EC-D4DB-4EF1-A7D7-F1E187717F14}.Release|Any CPU.ActiveCfg = Release|Any CPU
		{2F2647EC-D4DB-4EF1-A7D7-F1E187717F14}.Release|Any CPU.Build.0 = Release|Any CPU
		{2F2647EC-D4DB-4EF1-A7D7-F1E187717F14}.Release|x64.ActiveCfg = Release|Any CPU
		{2F2647EC-D4DB-4EF1-A7D7-F1E187717F14}.Release|x64.Build.0 = Release|Any CPU
		{2F2647EC-D4DB-4EF1-A7D7-F1E187717F14}.Release|x86.ActiveCfg = Release|Any CPU
		{2F2647EC-D4DB-4EF1-A7D7-F1E187717F14}.Release|x86.Build.0 = Release|Any CPU
		{712F7E32-F080-41DB-8FE1-365241BD443B}.Debug|Any CPU.ActiveCfg = Debug|Any CPU
		{712F7E32-F080-41DB-8FE1-365241BD443B}.Debug|Any CPU.Build.0 = Debug|Any CPU
		{712F7E32-F080-41DB-8FE1-365241BD443B}.Debug|x64.ActiveCfg = Debug|Any CPU
		{712F7E32-F080-41DB-8FE1-365241BD443B}.Debug|x64.Build.0 = Debug|Any CPU
		{712F7E32-F080-41DB-8FE1-365241BD443B}.Debug|x86.ActiveCfg = Debug|Any CPU
		{712F7E32-F080-41DB-8FE1-365241BD443B}.Debug|x86.Build.0 = Debug|Any CPU
		{712F7E32-F080-41DB-8FE1-365241BD443B}.Release|Any CPU.ActiveCfg = Release|Any CPU
		{712F7E32-F080-41DB-8FE1-365241BD443B}.Release|Any CPU.Build.0 = Release|Any CPU
		{712F7E32-F080-41DB-8FE1-365241BD443B}.Release|x64.ActiveCfg = Release|Any CPU
		{712F7E32-F080-41DB-8FE1-365241BD443B}.Release|x64.Build.0 = Release|Any CPU
		{712F7E32-F080-41DB-8FE1-365241BD443B}.Release|x86.ActiveCfg = Release|Any CPU
		{712F7E32-F080-41DB-8FE1-365241BD443B}.Release|x86.Build.0 = Release|Any CPU
		{1B4199BE-99C3-4D9D-9FA5-1E5261581C42}.Debug|Any CPU.ActiveCfg = Debug|Any CPU
		{1B4199BE-99C3-4D9D-9FA5-1E5261581C42}.Debug|Any CPU.Build.0 = Debug|Any CPU
		{1B4199BE-99C3-4D9D-9FA5-1E5261581C42}.Debug|x64.ActiveCfg = Debug|Any CPU
		{1B4199BE-99C3-4D9D-9FA5-1E5261581C42}.Debug|x64.Build.0 = Debug|Any CPU
		{1B4199BE-99C3-4D9D-9FA5-1E5261581C42}.Debug|x86.ActiveCfg = Debug|Any CPU
		{1B4199BE-99C3-4D9D-9FA5-1E5261581C42}.Debug|x86.Build.0 = Debug|Any CPU
		{1B4199BE-99C3-4D9D-9FA5-1E5261581C42}.Release|Any CPU.ActiveCfg = Release|Any CPU
		{1B4199BE-99C3-4D9D-9FA5-1E5261581C42}.Release|Any CPU.Build.0 = Release|Any CPU
		{1B4199BE-99C3-4D9D-9FA5-1E5261581C42}.Release|x64.ActiveCfg = Release|Any CPU
		{1B4199BE-99C3-4D9D-9FA5-1E5261581C42}.Release|x64.Build.0 = Release|Any CPU
		{1B4199BE-99C3-4D9D-9FA5-1E5261581C42}.Release|x86.ActiveCfg = Release|Any CPU
		{1B4199BE-99C3-4D9D-9FA5-1E5261581C42}.Release|x86.Build.0 = Release|Any CPU
		{B0C08161-42FC-4237-B7A9-A8EAB1596228}.Debug|Any CPU.ActiveCfg = Debug|Any CPU
		{B0C08161-42FC-4237-B7A9-A8EAB1596228}.Debug|Any CPU.Build.0 = Debug|Any CPU
		{B0C08161-42FC-4237-B7A9-A8EAB1596228}.Debug|x64.ActiveCfg = Debug|Any CPU
		{B0C08161-42FC-4237-B7A9-A8EAB1596228}.Debug|x64.Build.0 = Debug|Any CPU
		{B0C08161-42FC-4237-B7A9-A8EAB1596228}.Debug|x86.ActiveCfg = Debug|Any CPU
		{B0C08161-42FC-4237-B7A9-A8EAB1596228}.Debug|x86.Build.0 = Debug|Any CPU
		{B0C08161-42FC-4237-B7A9-A8EAB1596228}.Release|Any CPU.ActiveCfg = Release|Any CPU
		{B0C08161-42FC-4237-B7A9-A8EAB1596228}.Release|Any CPU.Build.0 = Release|Any CPU
		{B0C08161-42FC-4237-B7A9-A8EAB1596228}.Release|x64.ActiveCfg = Release|Any CPU
		{B0C08161-42FC-4237-B7A9-A8EAB1596228}.Release|x64.Build.0 = Release|Any CPU
		{B0C08161-42FC-4237-B7A9-A8EAB1596228}.Release|x86.ActiveCfg = Release|Any CPU
		{B0C08161-42FC-4237-B7A9-A8EAB1596228}.Release|x86.Build.0 = Release|Any CPU
		{952AFD9B-907C-4325-93F9-EBD9B131E839}.Debug|Any CPU.ActiveCfg = Debug|Any CPU
		{952AFD9B-907C-4325-93F9-EBD9B131E839}.Debug|Any CPU.Build.0 = Debug|Any CPU
		{952AFD9B-907C-4325-93F9-EBD9B131E839}.Debug|x64.ActiveCfg = Debug|Any CPU
		{952AFD9B-907C-4325-93F9-EBD9B131E839}.Debug|x64.Build.0 = Debug|Any CPU
		{952AFD9B-907C-4325-93F9-EBD9B131E839}.Debug|x86.ActiveCfg = Debug|Any CPU
		{952AFD9B-907C-4325-93F9-EBD9B131E839}.Debug|x86.Build.0 = Debug|Any CPU
		{952AFD9B-907C-4325-93F9-EBD9B131E839}.Release|Any CPU.ActiveCfg = Release|Any CPU
		{952AFD9B-907C-4325-93F9-EBD9B131E839}.Release|Any CPU.Build.0 = Release|Any CPU
		{952AFD9B-907C-4325-93F9-EBD9B131E839}.Release|x64.ActiveCfg = Release|Any CPU
		{952AFD9B-907C-4325-93F9-EBD9B131E839}.Release|x64.Build.0 = Release|Any CPU
		{952AFD9B-907C-4325-93F9-EBD9B131E839}.Release|x86.ActiveCfg = Release|Any CPU
		{952AFD9B-907C-4325-93F9-EBD9B131E839}.Release|x86.Build.0 = Release|Any CPU
		{7DABEDEB-D507-499E-A856-B5B7A045FB51}.Debug|Any CPU.ActiveCfg = Debug|Any CPU
		{7DABEDEB-D507-499E-A856-B5B7A045FB51}.Debug|Any CPU.Build.0 = Debug|Any CPU
		{7DABEDEB-D507-499E-A856-B5B7A045FB51}.Debug|x64.ActiveCfg = Debug|Any CPU
		{7DABEDEB-D507-499E-A856-B5B7A045FB51}.Debug|x64.Build.0 = Debug|Any CPU
		{7DABEDEB-D507-499E-A856-B5B7A045FB51}.Debug|x86.ActiveCfg = Debug|Any CPU
		{7DABEDEB-D507-499E-A856-B5B7A045FB51}.Debug|x86.Build.0 = Debug|Any CPU
		{7DABEDEB-D507-499E-A856-B5B7A045FB51}.Release|Any CPU.ActiveCfg = Release|Any CPU
		{7DABEDEB-D507-499E-A856-B5B7A045FB51}.Release|Any CPU.Build.0 = Release|Any CPU
		{7DABEDEB-D507-499E-A856-B5B7A045FB51}.Release|x64.ActiveCfg = Release|Any CPU
		{7DABEDEB-D507-499E-A856-B5B7A045FB51}.Release|x64.Build.0 = Release|Any CPU
		{7DABEDEB-D507-499E-A856-B5B7A045FB51}.Release|x86.ActiveCfg = Release|Any CPU
		{7DABEDEB-D507-499E-A856-B5B7A045FB51}.Release|x86.Build.0 = Release|Any CPU
		{D0C98AC3-AD57-4387-9540-15EBA86B0630}.Debug|Any CPU.ActiveCfg = Debug|Any CPU
		{D0C98AC3-AD57-4387-9540-15EBA86B0630}.Debug|Any CPU.Build.0 = Debug|Any CPU
		{D0C98AC3-AD57-4387-9540-15EBA86B0630}.Debug|x64.ActiveCfg = Debug|Any CPU
		{D0C98AC3-AD57-4387-9540-15EBA86B0630}.Debug|x64.Build.0 = Debug|Any CPU
		{D0C98AC3-AD57-4387-9540-15EBA86B0630}.Debug|x86.ActiveCfg = Debug|Any CPU
		{D0C98AC3-AD57-4387-9540-15EBA86B0630}.Debug|x86.Build.0 = Debug|Any CPU
		{D0C98AC3-AD57-4387-9540-15EBA86B0630}.Release|Any CPU.ActiveCfg = Release|Any CPU
		{D0C98AC3-AD57-4387-9540-15EBA86B0630}.Release|Any CPU.Build.0 = Release|Any CPU
		{D0C98AC3-AD57-4387-9540-15EBA86B0630}.Release|x64.ActiveCfg = Release|Any CPU
		{D0C98AC3-AD57-4387-9540-15EBA86B0630}.Release|x64.Build.0 = Release|Any CPU
		{D0C98AC3-AD57-4387-9540-15EBA86B0630}.Release|x86.ActiveCfg = Release|Any CPU
		{D0C98AC3-AD57-4387-9540-15EBA86B0630}.Release|x86.Build.0 = Release|Any CPU
		{89F245E0-CFF2-4839-94FE-81B0F0079E80}.Debug|Any CPU.ActiveCfg = Debug|Any CPU
		{89F245E0-CFF2-4839-94FE-81B0F0079E80}.Debug|Any CPU.Build.0 = Debug|Any CPU
		{89F245E0-CFF2-4839-94FE-81B0F0079E80}.Debug|x64.ActiveCfg = Debug|Any CPU
		{89F245E0-CFF2-4839-94FE-81B0F0079E80}.Debug|x64.Build.0 = Debug|Any CPU
		{89F245E0-CFF2-4839-94FE-81B0F0079E80}.Debug|x86.ActiveCfg = Debug|Any CPU
		{89F245E0-CFF2-4839-94FE-81B0F0079E80}.Debug|x86.Build.0 = Debug|Any CPU
		{89F245E0-CFF2-4839-94FE-81B0F0079E80}.Release|Any CPU.ActiveCfg = Release|Any CPU
		{89F245E0-CFF2-4839-94FE-81B0F0079E80}.Release|Any CPU.Build.0 = Release|Any CPU
		{89F245E0-CFF2-4839-94FE-81B0F0079E80}.Release|x64.ActiveCfg = Release|Any CPU
		{89F245E0-CFF2-4839-94FE-81B0F0079E80}.Release|x64.Build.0 = Release|Any CPU
		{89F245E0-CFF2-4839-94FE-81B0F0079E80}.Release|x86.ActiveCfg = Release|Any CPU
		{89F245E0-CFF2-4839-94FE-81B0F0079E80}.Release|x86.Build.0 = Release|Any CPU
	EndGlobalSection
	GlobalSection(SolutionProperties) = preSolution
		HideSolutionNode = FALSE
	EndGlobalSection
	GlobalSection(NestedProjects) = preSolution
		{2F2647EC-D4DB-4EF1-A7D7-F1E187717F14} = {827E0CD3-B72D-47B6-A68D-7590B98EB39B}
		{712F7E32-F080-41DB-8FE1-365241BD443B} = {827E0CD3-B72D-47B6-A68D-7590B98EB39B}
		{1B4199BE-99C3-4D9D-9FA5-1E5261581C42} = {827E0CD3-B72D-47B6-A68D-7590B98EB39B}
		{B0C08161-42FC-4237-B7A9-A8EAB1596228} = {827E0CD3-B72D-47B6-A68D-7590B98EB39B}
		{952AFD9B-907C-4325-93F9-EBD9B131E839} = {827E0CD3-B72D-47B6-A68D-7590B98EB39B}
		{7DABEDEB-D507-499E-A856-B5B7A045FB51} = {0AB3BF05-4346-4AA6-1389-037BE0695223}
		{D0C98AC3-AD57-4387-9540-15EBA86B0630} = {0AB3BF05-4346-4AA6-1389-037BE0695223}
		{89F245E0-CFF2-4839-94FE-81B0F0079E80} = {0AB3BF05-4346-4AA6-1389-037BE0695223}
	EndGlobalSection
EndGlobal
